// !$*UTF8*$!
{
	archiveVersion = 1;
	classes = {
	};
	objectVersion = 46;
	objects = {

/* Begin PBXBuildFile section */
		65009C7315E0353C00046FAE /* pillar.png in Resources */ = {isa = PBXBuildFile; fileRef = 65009C7215E0353C00046FAE /* pillar.png */; };
		65083E7F15D43C3A003108B5 /* UIKit.framework in Frameworks */ = {isa = PBXBuildFile; fileRef = 65083E7E15D43C3A003108B5 /* UIKit.framework */; };
		65083E8115D43C3A003108B5 /* Foundation.framework in Frameworks */ = {isa = PBXBuildFile; fileRef = 65083E8015D43C3A003108B5 /* Foundation.framework */; };
		65083E8315D43C3A003108B5 /* CoreGraphics.framework in Frameworks */ = {isa = PBXBuildFile; fileRef = 65083E8215D43C3A003108B5 /* CoreGraphics.framework */; };
		65083E8515D43C3A003108B5 /* GLKit.framework in Frameworks */ = {isa = PBXBuildFile; fileRef = 65083E8415D43C3A003108B5 /* GLKit.framework */; };
		65083E8715D43C3A003108B5 /* OpenGLES.framework in Frameworks */ = {isa = PBXBuildFile; fileRef = 65083E8615D43C3A003108B5 /* OpenGLES.framework */; };
		65083E8D15D43C3A003108B5 /* InfoPlist.strings in Resources */ = {isa = PBXBuildFile; fileRef = 65083E8B15D43C3A003108B5 /* InfoPlist.strings */; };
		65083E8F15D43C3A003108B5 /* main.m in Sources */ = {isa = PBXBuildFile; fileRef = 65083E8E15D43C3A003108B5 /* main.m */; };
		65083E9315D43C3A003108B5 /* AppDelegate.m in Sources */ = {isa = PBXBuildFile; fileRef = 65083E9215D43C3A003108B5 /* AppDelegate.m */; };
		65083E9A15D43C3B003108B5 /* ViewController.m in Sources */ = {isa = PBXBuildFile; fileRef = 65083E9915D43C3B003108B5 /* ViewController.m */; };
		65083E9D15D43C3B003108B5 /* ViewController_iPhone.xib in Resources */ = {isa = PBXBuildFile; fileRef = 65083E9B15D43C3B003108B5 /* ViewController_iPhone.xib */; };
		65083EA015D43C3B003108B5 /* ViewController_iPad.xib in Resources */ = {isa = PBXBuildFile; fileRef = 65083E9E15D43C3B003108B5 /* ViewController_iPad.xib */; };
		65083EA815D43C6A003108B5 /* Exhibition.m in Sources */ = {isa = PBXBuildFile; fileRef = 65083EA715D43C6A003108B5 /* Exhibition.m */; };
		65083EAB15D43CFC003108B5 /* FloorPlan.m in Sources */ = {isa = PBXBuildFile; fileRef = 65083EAA15D43CFC003108B5 /* FloorPlan.m */; };
		65083EAE15D4FACE003108B5 /* Quads.m in Sources */ = {isa = PBXBuildFile; fileRef = 65083EAD15D4FACE003108B5 /* Quads.m */; };
		6512B87815F949E000921FD2 /* trolls_ahead_logo.png in Resources */ = {isa = PBXBuildFile; fileRef = 6512B87715F949E000921FD2 /* trolls_ahead_logo.png */; };
		6512B88915FBBDCA00921FD2 /* FloorDistortion.fsh in Resources */ = {isa = PBXBuildFile; fileRef = 6512B88115FBBD6300921FD2 /* FloorDistortion.fsh */; };
		6512B88A15FBBDCA00921FD2 /* FloorDistortion.vsh in Resources */ = {isa = PBXBuildFile; fileRef = 6512B88215FBBD6300921FD2 /* FloorDistortion.vsh */; };
		652CF34015D98F5A00F4F07F /* photo1.png in Resources */ = {isa = PBXBuildFile; fileRef = 652CF33F15D98F5A00F4F07F /* photo1.png */; };
		653444C715FE7C0C001BCB68 /* NSString+HTML.m in Sources */ = {isa = PBXBuildFile; fileRef = 653444C615FE7C0C001BCB68 /* NSString+HTML.m */; };
		653444CB15FE7F45001BCB68 /* GTMNSString+HTML.m in Sources */ = {isa = PBXBuildFile; fileRef = 653444CA15FE7F45001BCB68 /* GTMNSString+HTML.m */; };
		653444CD15FE8988001BCB68 /* blog_button.png in Resources */ = {isa = PBXBuildFile; fileRef = 653444CC15FE8988001BCB68 /* blog_button.png */; };
		653444CF15FF4F22001BCB68 /* prev_button.png in Resources */ = {isa = PBXBuildFile; fileRef = 653444CE15FF4F22001BCB68 /* prev_button.png */; };
		6541B5BC15F75BD800A75786 /* RssFeedParser.m in Sources */ = {isa = PBXBuildFile; fileRef = 6541B5BB15F75BD800A75786 /* RssFeedParser.m */; };
		6544839E15E618CF008132FC /* demoteket_logo.png in Resources */ = {isa = PBXBuildFile; fileRef = 6544839D15E618CF008132FC /* demoteket_logo.png */; };
		654942C715E265380029C1E2 /* Movement.m in Sources */ = {isa = PBXBuildFile; fileRef = 654942C615E265380029C1E2 /* Movement.m */; };
		654E9C9515E8021D00570F64 /* tour_button.png in Resources */ = {isa = PBXBuildFile; fileRef = 654E9C9315E8021D00570F64 /* tour_button.png */; };
		65603B3A161042F900B4B110 /* Default-568h@2x.png in Resources */ = {isa = PBXBuildFile; fileRef = 65603B39161042F900B4B110 /* Default-568h@2x.png */; };
		656B8C8A15E565100048FA39 /* Globals.c in Sources */ = {isa = PBXBuildFile; fileRef = 656B8C8915E565100048FA39 /* Globals.c */; };
		6570FC7A15DD70F8003A2003 /* floor_distortion.png in Resources */ = {isa = PBXBuildFile; fileRef = 6570FC7915DD70F8003A2003 /* floor_distortion.png */; };
		6573202E15D502C9002562E9 /* Textures.m in Sources */ = {isa = PBXBuildFile; fileRef = 6573202D15D502C9002562E9 /* Textures.m */; };
		65880BEE15E92BD90055F33D /* PhotoInfo.m in Sources */ = {isa = PBXBuildFile; fileRef = 65880BED15E92BD90055F33D /* PhotoInfo.m */; };
		65880BF015E955C20055F33D /* QuartzCore.framework in Frameworks */ = {isa = PBXBuildFile; fileRef = 65880BEF15E955C20055F33D /* QuartzCore.framework */; };
		658AE91B15E4CAA5009B12D9 /* photo2.png in Resources */ = {isa = PBXBuildFile; fileRef = 658AE91915E4CAA5009B12D9 /* photo2.png */; };
		658AE91C15E4CAA5009B12D9 /* photo3.png in Resources */ = {isa = PBXBuildFile; fileRef = 658AE91A15E4CAA5009B12D9 /* photo3.png */; };
		659ACDDE1600B0A700038F6E /* Default.png in Resources */ = {isa = PBXBuildFile; fileRef = 659ACDDD1600B0A700038F6E /* Default.png */; };
		659ACDE01600B10300038F6E /* Default@2x.png in Resources */ = {isa = PBXBuildFile; fileRef = 659ACDDF1600B10300038F6E /* Default@2x.png */; };
		659ACDE21600B19E00038F6E /* icon_57x57.png in Resources */ = {isa = PBXBuildFile; fileRef = 659ACDE11600B19E00038F6E /* icon_57x57.png */; };
		659ACDE41600B1A900038F6E /* icon_114x114.png in Resources */ = {isa = PBXBuildFile; fileRef = 659ACDE31600B1A900038F6E /* icon_114x114.png */; };
		659ACDE61600B1B900038F6E /* icon_72x72.png in Resources */ = {isa = PBXBuildFile; fileRef = 659ACDE51600B1B900038F6E /* icon_72x72.png */; };
		659ACDE81600B1C200038F6E /* icon_144x144.png in Resources */ = {isa = PBXBuildFile; fileRef = 659ACDE71600B1C200038F6E /* icon_144x144.png */; };
		659ACDEA1600B20300038F6E /* Default-Portrait~ipad.png in Resources */ = {isa = PBXBuildFile; fileRef = 659ACDE91600B20300038F6E /* Default-Portrait~ipad.png */; };
		659ACDEC1600B24400038F6E /* Default-Portrait@2x~ipad.png in Resources */ = {isa = PBXBuildFile; fileRef = 659ACDEB1600B24400038F6E /* Default-Portrait@2x~ipad.png */; };
		659ACDEE1600B26900038F6E /* Default-Landscape@2x~ipad.png in Resources */ = {isa = PBXBuildFile; fileRef = 659ACDED1600B26900038F6E /* Default-Landscape@2x~ipad.png */; };
		659ACDF01600B2B700038F6E /* Default-Landscape~ipad.png in Resources */ = {isa = PBXBuildFile; fileRef = 659ACDEF1600B2B700038F6E /* Default-Landscape~ipad.png */; };
		659F9C2E15D6DB8700EF7825 /* Room.m in Sources */ = {isa = PBXBuildFile; fileRef = 659F9C2D15D6DB8700EF7825 /* Room.m */; };
		65A91191160267BE0069B92E /* text_fade.png in Resources */ = {isa = PBXBuildFile; fileRef = 65A91190160267BE0069B92E /* text_fade.png */; };
		65B02B971612FC9800452943 /* no_photo.png in Resources */ = {isa = PBXBuildFile; fileRef = 65B02B961612FC9800452943 /* no_photo.png */; };
		65BD9D5715F0D7310091ED8F /* loading_photo.png in Resources */ = {isa = PBXBuildFile; fileRef = 65BD9D5615F0D7310091ED8F /* loading_photo.png */; };
		65BD9D5A15F13FAD0091ED8F /* photo_background.png in Resources */ = {isa = PBXBuildFile; fileRef = 65BD9D5915F13FAD0091ED8F /* photo_background.png */; };
		65CDFEE815EA56D6009CC3BB /* light1.png in Resources */ = {isa = PBXBuildFile; fileRef = 65CDFEE715EA56D6009CC3BB /* light1.png */; };
		65CDFEEB15EA74DA009CC3BB /* light2.png in Resources */ = {isa = PBXBuildFile; fileRef = 65CDFEEA15EA74DA009CC3BB /* light2.png */; };
		65CDFEED15EA758B009CC3BB /* light3.png in Resources */ = {isa = PBXBuildFile; fileRef = 65CDFEEC15EA758B009CC3BB /* light3.png */; };
		65CDFEEF15EA950D009CC3BB /* next_button.png in Resources */ = {isa = PBXBuildFile; fileRef = 65CDFEEE15EA950D009CC3BB /* next_button.png */; };
		65E128F015E77F2900DCBAE9 /* wall1.png in Resources */ = {isa = PBXBuildFile; fileRef = 65E128ED15E77F2900DCBAE9 /* wall1.png */; };
		65E128F115E77F2900DCBAE9 /* wall2.png in Resources */ = {isa = PBXBuildFile; fileRef = 65E128EE15E77F2900DCBAE9 /* wall2.png */; };
		65ED6BF915F48F03008B71DE /* turn_around_button.png in Resources */ = {isa = PBXBuildFile; fileRef = 65ED6BF815F48F03008B71DE /* turn_around_button.png */; };
		65ED6BFD15F5D9E2008B71DE /* CubicSpline.m in Sources */ = {isa = PBXBuildFile; fileRef = 65ED6BFC15F5D9E2008B71DE /* CubicSpline.m */; };
/* End PBXBuildFile section */

/* Begin PBXFileReference section */
		65009C7215E0353C00046FAE /* pillar.png */ = {isa = PBXFileReference; lastKnownFileType = image.png; path = pillar.png; sourceTree = "<group>"; };
		65083E7A15D43C3A003108B5 /* Demoteket.app */ = {isa = PBXFileReference; explicitFileType = wrapper.application; includeInIndex = 0; path = Demoteket.app; sourceTree = BUILT_PRODUCTS_DIR; };
		65083E7E15D43C3A003108B5 /* UIKit.framework */ = {isa = PBXFileReference; lastKnownFileType = wrapper.framework; name = UIKit.framework; path = System/Library/Frameworks/UIKit.framework; sourceTree = SDKROOT; };
		65083E8015D43C3A003108B5 /* Foundation.framework */ = {isa = PBXFileReference; lastKnownFileType = wrapper.framework; name = Foundation.framework; path = System/Library/Frameworks/Foundation.framework; sourceTree = SDKROOT; };
		65083E8215D43C3A003108B5 /* CoreGraphics.framework */ = {isa = PBXFileReference; lastKnownFileType = wrapper.framework; name = CoreGraphics.framework; path = System/Library/Frameworks/CoreGraphics.framework; sourceTree = SDKROOT; };
		65083E8415D43C3A003108B5 /* GLKit.framework */ = {isa = PBXFileReference; lastKnownFileType = wrapper.framework; name = GLKit.framework; path = System/Library/Frameworks/GLKit.framework; sourceTree = SDKROOT; };
		65083E8615D43C3A003108B5 /* OpenGLES.framework */ = {isa = PBXFileReference; lastKnownFileType = wrapper.framework; name = OpenGLES.framework; path = System/Library/Frameworks/OpenGLES.framework; sourceTree = SDKROOT; };
		65083E8A15D43C3A003108B5 /* Demoteket-Info.plist */ = {isa = PBXFileReference; lastKnownFileType = text.plist.xml; path = "Demoteket-Info.plist"; sourceTree = "<group>"; };
		65083E8C15D43C3A003108B5 /* en */ = {isa = PBXFileReference; lastKnownFileType = text.plist.strings; name = en; path = en.lproj/InfoPlist.strings; sourceTree = "<group>"; };
		65083E8E15D43C3A003108B5 /* main.m */ = {isa = PBXFileReference; lastKnownFileType = sourcecode.c.objc; path = main.m; sourceTree = "<group>"; };
		65083E9015D43C3A003108B5 /* Demoteket-Prefix.pch */ = {isa = PBXFileReference; lastKnownFileType = sourcecode.c.h; path = "Demoteket-Prefix.pch"; sourceTree = "<group>"; };
		65083E9115D43C3A003108B5 /* AppDelegate.h */ = {isa = PBXFileReference; lastKnownFileType = sourcecode.c.h; path = AppDelegate.h; sourceTree = "<group>"; };
		65083E9215D43C3A003108B5 /* AppDelegate.m */ = {isa = PBXFileReference; lastKnownFileType = sourcecode.c.objc; path = AppDelegate.m; sourceTree = "<group>"; };
		65083E9815D43C3B003108B5 /* ViewController.h */ = {isa = PBXFileReference; lastKnownFileType = sourcecode.c.h; path = ViewController.h; sourceTree = "<group>"; };
		65083E9915D43C3B003108B5 /* ViewController.m */ = {isa = PBXFileReference; lastKnownFileType = sourcecode.c.objc; path = ViewController.m; sourceTree = "<group>"; };
		65083E9C15D43C3B003108B5 /* en */ = {isa = PBXFileReference; lastKnownFileType = file.xib; name = en; path = en.lproj/ViewController_iPhone.xib; sourceTree = "<group>"; };
		65083E9F15D43C3B003108B5 /* en */ = {isa = PBXFileReference; lastKnownFileType = file.xib; name = en; path = en.lproj/ViewController_iPad.xib; sourceTree = "<group>"; };
		65083EA615D43C6A003108B5 /* Exhibition.h */ = {isa = PBXFileReference; fileEncoding = 4; lastKnownFileType = sourcecode.c.h; path = Exhibition.h; sourceTree = "<group>"; };
		65083EA715D43C6A003108B5 /* Exhibition.m */ = {isa = PBXFileReference; fileEncoding = 4; lastKnownFileType = sourcecode.c.objc; path = Exhibition.m; sourceTree = "<group>"; };
		65083EA915D43CFC003108B5 /* FloorPlan.h */ = {isa = PBXFileReference; fileEncoding = 4; lastKnownFileType = sourcecode.c.h; path = FloorPlan.h; sourceTree = "<group>"; };
		65083EAA15D43CFC003108B5 /* FloorPlan.m */ = {isa = PBXFileReference; fileEncoding = 4; lastKnownFileType = sourcecode.c.objc; path = FloorPlan.m; sourceTree = "<group>"; };
		65083EAC15D4FACD003108B5 /* Quads.h */ = {isa = PBXFileReference; fileEncoding = 4; lastKnownFileType = sourcecode.c.h; path = Quads.h; sourceTree = "<group>"; };
		65083EAD15D4FACE003108B5 /* Quads.m */ = {isa = PBXFileReference; fileEncoding = 4; lastKnownFileType = sourcecode.c.objc; path = Quads.m; sourceTree = "<group>"; };
		65083EAF15D4FD52003108B5 /* Globals.h */ = {isa = PBXFileReference; lastKnownFileType = sourcecode.c.h; path = Globals.h; sourceTree = "<group>"; };
		6512B87715F949E000921FD2 /* trolls_ahead_logo.png */ = {isa = PBXFileReference; lastKnownFileType = image.png; path = trolls_ahead_logo.png; sourceTree = "<group>"; };
		6512B88115FBBD6300921FD2 /* FloorDistortion.fsh */ = {isa = PBXFileReference; fileEncoding = 4; lastKnownFileType = sourcecode.glsl; path = FloorDistortion.fsh; sourceTree = "<group>"; };
		6512B88215FBBD6300921FD2 /* FloorDistortion.vsh */ = {isa = PBXFileReference; fileEncoding = 4; lastKnownFileType = sourcecode.glsl; path = FloorDistortion.vsh; sourceTree = "<group>"; };
		652CF33F15D98F5A00F4F07F /* photo1.png */ = {isa = PBXFileReference; lastKnownFileType = image.png; path = photo1.png; sourceTree = "<group>"; };
		653444C515FE7C0B001BCB68 /* NSString+HTML.h */ = {isa = PBXFileReference; fileEncoding = 4; lastKnownFileType = sourcecode.c.h; path = "NSString+HTML.h"; sourceTree = "<group>"; };
		653444C615FE7C0C001BCB68 /* NSString+HTML.m */ = {isa = PBXFileReference; fileEncoding = 4; lastKnownFileType = sourcecode.c.objc; path = "NSString+HTML.m"; sourceTree = "<group>"; };
		653444C915FE7C65001BCB68 /* GTMNSString+HTML.h */ = {isa = PBXFileReference; lastKnownFileType = sourcecode.c.h; path = "GTMNSString+HTML.h"; sourceTree = "<group>"; };
		653444CA15FE7F45001BCB68 /* GTMNSString+HTML.m */ = {isa = PBXFileReference; fileEncoding = 4; lastKnownFileType = sourcecode.c.objc; path = "GTMNSString+HTML.m"; sourceTree = "<group>"; };
		653444CC15FE8988001BCB68 /* blog_button.png */ = {isa = PBXFileReference; lastKnownFileType = image.png; path = blog_button.png; sourceTree = "<group>"; };
		653444CE15FF4F22001BCB68 /* prev_button.png */ = {isa = PBXFileReference; lastKnownFileType = image.png; path = prev_button.png; sourceTree = "<group>"; };
		6541B5BA15F75BD700A75786 /* RssFeedParser.h */ = {isa = PBXFileReference; fileEncoding = 4; lastKnownFileType = sourcecode.c.h; path = RssFeedParser.h; sourceTree = "<group>"; };
		6541B5BB15F75BD800A75786 /* RssFeedParser.m */ = {isa = PBXFileReference; fileEncoding = 4; lastKnownFileType = sourcecode.c.objc; path = RssFeedParser.m; sourceTree = "<group>"; };
		6544839D15E618CF008132FC /* demoteket_logo.png */ = {isa = PBXFileReference; lastKnownFileType = image.png; path = demoteket_logo.png; sourceTree = "<group>"; };
		654942C515E265380029C1E2 /* Movement.h */ = {isa = PBXFileReference; fileEncoding = 4; lastKnownFileType = sourcecode.c.h; path = Movement.h; sourceTree = "<group>"; };
		654942C615E265380029C1E2 /* Movement.m */ = {isa = PBXFileReference; fileEncoding = 4; lastKnownFileType = sourcecode.c.objc; path = Movement.m; sourceTree = "<group>"; };
		654E9C9315E8021D00570F64 /* tour_button.png */ = {isa = PBXFileReference; lastKnownFileType = image.png; path = tour_button.png; sourceTree = "<group>"; };
		65603B39161042F900B4B110 /* Default-568h@2x.png */ = {isa = PBXFileReference; lastKnownFileType = image.png; path = "Default-568h@2x.png"; sourceTree = "<group>"; };
		656B8C8915E565100048FA39 /* Globals.c */ = {isa = PBXFileReference; fileEncoding = 4; lastKnownFileType = sourcecode.c.c; path = Globals.c; sourceTree = "<group>"; };
		6570FC7915DD70F8003A2003 /* floor_distortion.png */ = {isa = PBXFileReference; lastKnownFileType = image.png; path = floor_distortion.png; sourceTree = "<group>"; };
		6573202C15D502C9002562E9 /* Textures.h */ = {isa = PBXFileReference; fileEncoding = 4; lastKnownFileType = sourcecode.c.h; path = Textures.h; sourceTree = "<group>"; };
		6573202D15D502C9002562E9 /* Textures.m */ = {isa = PBXFileReference; fileEncoding = 4; lastKnownFileType = sourcecode.c.objc; path = Textures.m; sourceTree = "<group>"; };
		65880BE915E8F2640055F33D /* AudioToolbox.framework */ = {isa = PBXFileReference; lastKnownFileType = wrapper.framework; name = AudioToolbox.framework; path = System/Library/Frameworks/AudioToolbox.framework; sourceTree = SDKROOT; };
		65880BEC15E92BD90055F33D /* PhotoInfo.h */ = {isa = PBXFileReference; fileEncoding = 4; lastKnownFileType = sourcecode.c.h; path = PhotoInfo.h; sourceTree = "<group>"; };
		65880BED15E92BD90055F33D /* PhotoInfo.m */ = {isa = PBXFileReference; fileEncoding = 4; lastKnownFileType = sourcecode.c.objc; path = PhotoInfo.m; sourceTree = "<group>"; };
		65880BEF15E955C20055F33D /* QuartzCore.framework */ = {isa = PBXFileReference; lastKnownFileType = wrapper.framework; name = QuartzCore.framework; path = System/Library/Frameworks/QuartzCore.framework; sourceTree = SDKROOT; };
		658AE91915E4CAA5009B12D9 /* photo2.png */ = {isa = PBXFileReference; lastKnownFileType = image.png; path = photo2.png; sourceTree = "<group>"; };
		658AE91A15E4CAA5009B12D9 /* photo3.png */ = {isa = PBXFileReference; lastKnownFileType = image.png; path = photo3.png; sourceTree = "<group>"; };
		659ACDDD1600B0A700038F6E /* Default.png */ = {isa = PBXFileReference; lastKnownFileType = image.png; path = Default.png; sourceTree = "<group>"; };
		659ACDDF1600B10300038F6E /* Default@2x.png */ = {isa = PBXFileReference; lastKnownFileType = image.png; path = "Default@2x.png"; sourceTree = "<group>"; };
		659ACDE11600B19E00038F6E /* icon_57x57.png */ = {isa = PBXFileReference; lastKnownFileType = image.png; path = icon_57x57.png; sourceTree = "<group>"; };
		659ACDE31600B1A900038F6E /* icon_114x114.png */ = {isa = PBXFileReference; lastKnownFileType = image.png; path = icon_114x114.png; sourceTree = "<group>"; };
		659ACDE51600B1B900038F6E /* icon_72x72.png */ = {isa = PBXFileReference; lastKnownFileType = image.png; path = icon_72x72.png; sourceTree = "<group>"; };
		659ACDE71600B1C200038F6E /* icon_144x144.png */ = {isa = PBXFileReference; lastKnownFileType = image.png; path = icon_144x144.png; sourceTree = "<group>"; };
		659ACDE91600B20300038F6E /* Default-Portrait~ipad.png */ = {isa = PBXFileReference; lastKnownFileType = image.png; path = "Default-Portrait~ipad.png"; sourceTree = "<group>"; };
		659ACDEB1600B24400038F6E /* Default-Portrait@2x~ipad.png */ = {isa = PBXFileReference; lastKnownFileType = image.png; path = "Default-Portrait@2x~ipad.png"; sourceTree = "<group>"; };
		659ACDED1600B26900038F6E /* Default-Landscape@2x~ipad.png */ = {isa = PBXFileReference; lastKnownFileType = image.png; path = "Default-Landscape@2x~ipad.png"; sourceTree = "<group>"; };
		659ACDEF1600B2B700038F6E /* Default-Landscape~ipad.png */ = {isa = PBXFileReference; lastKnownFileType = image.png; path = "Default-Landscape~ipad.png"; sourceTree = "<group>"; };
		659F9C2C15D6DB8700EF7825 /* Room.h */ = {isa = PBXFileReference; fileEncoding = 4; lastKnownFileType = sourcecode.c.h; path = Room.h; sourceTree = "<group>"; };
		659F9C2D15D6DB8700EF7825 /* Room.m */ = {isa = PBXFileReference; fileEncoding = 4; lastKnownFileType = sourcecode.c.objc; path = Room.m; sourceTree = "<group>"; };
		65A91190160267BE0069B92E /* text_fade.png */ = {isa = PBXFileReference; lastKnownFileType = image.png; path = text_fade.png; sourceTree = "<group>"; };
		65B02B961612FC9800452943 /* no_photo.png */ = {isa = PBXFileReference; lastKnownFileType = image.png; path = no_photo.png; sourceTree = "<group>"; };
		65BD9D5615F0D7310091ED8F /* loading_photo.png */ = {isa = PBXFileReference; lastKnownFileType = image.png; path = loading_photo.png; sourceTree = "<group>"; };
		65BD9D5915F13FAD0091ED8F /* photo_background.png */ = {isa = PBXFileReference; lastKnownFileType = image.png; path = photo_background.png; sourceTree = "<group>"; };
		65CDFEE715EA56D6009CC3BB /* light1.png */ = {isa = PBXFileReference; lastKnownFileType = image.png; path = light1.png; sourceTree = "<group>"; };
		65CDFEEA15EA74DA009CC3BB /* light2.png */ = {isa = PBXFileReference; lastKnownFileType = image.png; path = light2.png; sourceTree = "<group>"; };
		65CDFEEC15EA758B009CC3BB /* light3.png */ = {isa = PBXFileReference; lastKnownFileType = image.png; path = light3.png; sourceTree = "<group>"; };
		65CDFEEE15EA950D009CC3BB /* next_button.png */ = {isa = PBXFileReference; lastKnownFileType = image.png; path = next_button.png; sourceTree = "<group>"; };
		65E128ED15E77F2900DCBAE9 /* wall1.png */ = {isa = PBXFileReference; lastKnownFileType = image.png; path = wall1.png; sourceTree = "<group>"; };
		65E128EE15E77F2900DCBAE9 /* wall2.png */ = {isa = PBXFileReference; lastKnownFileType = image.png; path = wall2.png; sourceTree = "<group>"; };
		65ED6BF815F48F03008B71DE /* turn_around_button.png */ = {isa = PBXFileReference; lastKnownFileType = image.png; path = turn_around_button.png; sourceTree = "<group>"; };
		65ED6BFB15F5D9E2008B71DE /* CubicSpline.h */ = {isa = PBXFileReference; fileEncoding = 4; lastKnownFileType = sourcecode.c.h; path = CubicSpline.h; sourceTree = "<group>"; };
		65ED6BFC15F5D9E2008B71DE /* CubicSpline.m */ = {isa = PBXFileReference; fileEncoding = 4; lastKnownFileType = sourcecode.c.objc; path = CubicSpline.m; sourceTree = "<group>"; };
/* End PBXFileReference section */

/* Begin PBXFrameworksBuildPhase section */
		65083E7715D43C3A003108B5 /* Frameworks */ = {
			isa = PBXFrameworksBuildPhase;
			buildActionMask = 2147483647;
			files = (
				65880BF015E955C20055F33D /* QuartzCore.framework in Frameworks */,
				65083E7F15D43C3A003108B5 /* UIKit.framework in Frameworks */,
				65083E8115D43C3A003108B5 /* Foundation.framework in Frameworks */,
				65083E8315D43C3A003108B5 /* CoreGraphics.framework in Frameworks */,
				65083E8515D43C3A003108B5 /* GLKit.framework in Frameworks */,
				65083E8715D43C3A003108B5 /* OpenGLES.framework in Frameworks */,
			);
			runOnlyForDeploymentPostprocessing = 0;
		};
/* End PBXFrameworksBuildPhase section */

/* Begin PBXGroup section */
		65083E6F15D43C3A003108B5 = {
			isa = PBXGroup;
			children = (
				6531D81D17247800004500F2 /* App images */,
				65880BEF15E955C20055F33D /* QuartzCore.framework */,
				65880BE915E8F2640055F33D /* AudioToolbox.framework */,
				65083E8815D43C3A003108B5 /* Demoteket */,
				65083E7D15D43C3A003108B5 /* Frameworks */,
				65083E7B15D43C3A003108B5 /* Products */,
			);
			sourceTree = "<group>";
		};
		65083E7B15D43C3A003108B5 /* Products */ = {
			isa = PBXGroup;
			children = (
				65083E7A15D43C3A003108B5 /* Demoteket.app */,
			);
			name = Products;
			sourceTree = "<group>";
		};
		65083E7D15D43C3A003108B5 /* Frameworks */ = {
			isa = PBXGroup;
			children = (
				65083E7E15D43C3A003108B5 /* UIKit.framework */,
				65083E8015D43C3A003108B5 /* Foundation.framework */,
				65083E8215D43C3A003108B5 /* CoreGraphics.framework */,
				65083E8415D43C3A003108B5 /* GLKit.framework */,
				65083E8615D43C3A003108B5 /* OpenGLES.framework */,
			);
			name = Frameworks;
			sourceTree = "<group>";
		};
		65083E8815D43C3A003108B5 /* Demoteket */ = {
			isa = PBXGroup;
			children = (
				65083E8915D43C3A003108B5 /* Supporting Files */,
				6512B87E15FBBD6300921FD2 /* Shaders */,
				6573203415D506AC002562E9 /* Images */,
				65083E9115D43C3A003108B5 /* AppDelegate.h */,
				65083E9215D43C3A003108B5 /* AppDelegate.m */,
				65083E9815D43C3B003108B5 /* ViewController.h */,
				65083E9915D43C3B003108B5 /* ViewController.m */,
				65083E9B15D43C3B003108B5 /* ViewController_iPhone.xib */,
				65083E9E15D43C3B003108B5 /* ViewController_iPad.xib */,
				65083EA615D43C6A003108B5 /* Exhibition.h */,
				65083EA715D43C6A003108B5 /* Exhibition.m */,
				65083EA915D43CFC003108B5 /* FloorPlan.h */,
				65083EAA15D43CFC003108B5 /* FloorPlan.m */,
				65083EAC15D4FACD003108B5 /* Quads.h */,
				65083EAD15D4FACE003108B5 /* Quads.m */,
				65083EAF15D4FD52003108B5 /* Globals.h */,
				656B8C8915E565100048FA39 /* Globals.c */,
				6573202C15D502C9002562E9 /* Textures.h */,
				6573202D15D502C9002562E9 /* Textures.m */,
				659F9C2C15D6DB8700EF7825 /* Room.h */,
				659F9C2D15D6DB8700EF7825 /* Room.m */,
				654942C515E265380029C1E2 /* Movement.h */,
				654942C615E265380029C1E2 /* Movement.m */,
				65880BEC15E92BD90055F33D /* PhotoInfo.h */,
				65880BED15E92BD90055F33D /* PhotoInfo.m */,
				65ED6BFB15F5D9E2008B71DE /* CubicSpline.h */,
				65ED6BFC15F5D9E2008B71DE /* CubicSpline.m */,
				6541B5BA15F75BD700A75786 /* RssFeedParser.h */,
				6541B5BB15F75BD800A75786 /* RssFeedParser.m */,
				653444C515FE7C0B001BCB68 /* NSString+HTML.h */,
				653444C615FE7C0C001BCB68 /* NSString+HTML.m */,
				653444C915FE7C65001BCB68 /* GTMNSString+HTML.h */,
				653444CA15FE7F45001BCB68 /* GTMNSString+HTML.m */,
			);
			path = Demoteket;
			sourceTree = "<group>";
		};
		65083E8915D43C3A003108B5 /* Supporting Files */ = {
			isa = PBXGroup;
			children = (
				65083E8A15D43C3A003108B5 /* Demoteket-Info.plist */,
				65083E8B15D43C3A003108B5 /* InfoPlist.strings */,
				65083E8E15D43C3A003108B5 /* main.m */,
				65083E9015D43C3A003108B5 /* Demoteket-Prefix.pch */,
			);
			name = "Supporting Files";
			sourceTree = "<group>";
		};
		6512B87E15FBBD6300921FD2 /* Shaders */ = {
			isa = PBXGroup;
			children = (
				6512B88115FBBD6300921FD2 /* FloorDistortion.fsh */,
				6512B88215FBBD6300921FD2 /* FloorDistortion.vsh */,
			);
			path = Shaders;
			sourceTree = "<group>";
		};
		6531D81D17247800004500F2 /* App images */ = {
			isa = PBXGroup;
			children = (
				65603B39161042F900B4B110 /* Default-568h@2x.png */,
				659ACDEF1600B2B700038F6E /* Default-Landscape~ipad.png */,
				659ACDED1600B26900038F6E /* Default-Landscape@2x~ipad.png */,
				659ACDEB1600B24400038F6E /* Default-Portrait@2x~ipad.png */,
				659ACDE91600B20300038F6E /* Default-Portrait~ipad.png */,
				659ACDE71600B1C200038F6E /* icon_144x144.png */,
				659ACDE51600B1B900038F6E /* icon_72x72.png */,
				659ACDE31600B1A900038F6E /* icon_114x114.png */,
				659ACDE11600B19E00038F6E /* icon_57x57.png */,
				659ACDDF1600B10300038F6E /* Default@2x.png */,
				659ACDDD1600B0A700038F6E /* Default.png */,
			);
			name = "App images";
			sourceTree = "<group>";
		};
		6573203415D506AC002562E9 /* Images */ = {
			isa = PBXGroup;
			children = (
				65B02B961612FC9800452943 /* no_photo.png */,
				65A91190160267BE0069B92E /* text_fade.png */,
				653444CE15FF4F22001BCB68 /* prev_button.png */,
				653444CC15FE8988001BCB68 /* blog_button.png */,
				6512B87715F949E000921FD2 /* trolls_ahead_logo.png */,
				65ED6BF815F48F03008B71DE /* turn_around_button.png */,
				65BD9D5915F13FAD0091ED8F /* photo_background.png */,
				65BD9D5615F0D7310091ED8F /* loading_photo.png */,
				65CDFEEE15EA950D009CC3BB /* next_button.png */,
				65CDFEEC15EA758B009CC3BB /* light3.png */,
				65CDFEEA15EA74DA009CC3BB /* light2.png */,
				65CDFEE715EA56D6009CC3BB /* light1.png */,
				654E9C9315E8021D00570F64 /* tour_button.png */,
				65E128ED15E77F2900DCBAE9 /* wall1.png */,
				65E128EE15E77F2900DCBAE9 /* wall2.png */,
				6544839D15E618CF008132FC /* demoteket_logo.png */,
				658AE91915E4CAA5009B12D9 /* photo2.png */,
				658AE91A15E4CAA5009B12D9 /* photo3.png */,
				65009C7215E0353C00046FAE /* pillar.png */,
				6570FC7915DD70F8003A2003 /* floor_distortion.png */,
				652CF33F15D98F5A00F4F07F /* photo1.png */,
			);
			path = Images;
			sourceTree = "<group>";
		};
/* End PBXGroup section */

/* Begin PBXNativeTarget section */
		65083E7915D43C3A003108B5 /* Demoteket */ = {
			isa = PBXNativeTarget;
			buildConfigurationList = 65083EA315D43C3B003108B5 /* Build configuration list for PBXNativeTarget "Demoteket" */;
			buildPhases = (
				65083E7615D43C3A003108B5 /* Sources */,
				65083E7715D43C3A003108B5 /* Frameworks */,
				65083E7815D43C3A003108B5 /* Resources */,
			);
			buildRules = (
			);
			dependencies = (
			);
			name = Demoteket;
			productName = Demoteket;
			productReference = 65083E7A15D43C3A003108B5 /* Demoteket.app */;
			productType = "com.apple.product-type.application";
		};
/* End PBXNativeTarget section */

/* Begin PBXProject section */
		65083E7115D43C3A003108B5 /* Project object */ = {
			isa = PBXProject;
			attributes = {
				LastUpgradeCheck = 0430;
			};
			buildConfigurationList = 65083E7415D43C3A003108B5 /* Build configuration list for PBXProject "Demoteket" */;
			compatibilityVersion = "Xcode 3.2";
			developmentRegion = English;
			hasScannedForEncodings = 0;
			knownRegions = (
				en,
			);
			mainGroup = 65083E6F15D43C3A003108B5;
			productRefGroup = 65083E7B15D43C3A003108B5 /* Products */;
			projectDirPath = "";
			projectRoot = "";
			targets = (
				65083E7915D43C3A003108B5 /* Demoteket */,
			);
		};
/* End PBXProject section */

/* Begin PBXResourcesBuildPhase section */
		65083E7815D43C3A003108B5 /* Resources */ = {
			isa = PBXResourcesBuildPhase;
			buildActionMask = 2147483647;
			files = (
				6512B88915FBBDCA00921FD2 /* FloorDistortion.fsh in Resources */,
				6512B88A15FBBDCA00921FD2 /* FloorDistortion.vsh in Resources */,
				65083E8D15D43C3A003108B5 /* InfoPlist.strings in Resources */,
				65083E9D15D43C3B003108B5 /* ViewController_iPhone.xib in Resources */,
				65083EA015D43C3B003108B5 /* ViewController_iPad.xib in Resources */,
				652CF34015D98F5A00F4F07F /* photo1.png in Resources */,
				6570FC7A15DD70F8003A2003 /* floor_distortion.png in Resources */,
				65009C7315E0353C00046FAE /* pillar.png in Resources */,
				658AE91B15E4CAA5009B12D9 /* photo2.png in Resources */,
				658AE91C15E4CAA5009B12D9 /* photo3.png in Resources */,
				6544839E15E618CF008132FC /* demoteket_logo.png in Resources */,
				65E128F015E77F2900DCBAE9 /* wall1.png in Resources */,
				65E128F115E77F2900DCBAE9 /* wall2.png in Resources */,
				654E9C9515E8021D00570F64 /* tour_button.png in Resources */,
				65CDFEE815EA56D6009CC3BB /* light1.png in Resources */,
				65CDFEEB15EA74DA009CC3BB /* light2.png in Resources */,
				65CDFEED15EA758B009CC3BB /* light3.png in Resources */,
				65CDFEEF15EA950D009CC3BB /* next_button.png in Resources */,
				65BD9D5715F0D7310091ED8F /* loading_photo.png in Resources */,
				65BD9D5A15F13FAD0091ED8F /* photo_background.png in Resources */,
				65ED6BF915F48F03008B71DE /* turn_around_button.png in Resources */,
				6512B87815F949E000921FD2 /* trolls_ahead_logo.png in Resources */,
				653444CD15FE8988001BCB68 /* blog_button.png in Resources */,
				653444CF15FF4F22001BCB68 /* prev_button.png in Resources */,
				659ACDDE1600B0A700038F6E /* Default.png in Resources */,
				659ACDE01600B10300038F6E /* Default@2x.png in Resources */,
				659ACDE21600B19E00038F6E /* icon_57x57.png in Resources */,
				659ACDE41600B1A900038F6E /* icon_114x114.png in Resources */,
				659ACDE61600B1B900038F6E /* icon_72x72.png in Resources */,
				659ACDE81600B1C200038F6E /* icon_144x144.png in Resources */,
				659ACDEA1600B20300038F6E /* Default-Portrait~ipad.png in Resources */,
				659ACDEC1600B24400038F6E /* Default-Portrait@2x~ipad.png in Resources */,
				659ACDEE1600B26900038F6E /* Default-Landscape@2x~ipad.png in Resources */,
				659ACDF01600B2B700038F6E /* Default-Landscape~ipad.png in Resources */,
				65A91191160267BE0069B92E /* text_fade.png in Resources */,
				65603B3A161042F900B4B110 /* Default-568h@2x.png in Resources */,
				65B02B971612FC9800452943 /* no_photo.png in Resources */,
			);
			runOnlyForDeploymentPostprocessing = 0;
		};
/* End PBXResourcesBuildPhase section */

/* Begin PBXSourcesBuildPhase section */
		65083E7615D43C3A003108B5 /* Sources */ = {
			isa = PBXSourcesBuildPhase;
			buildActionMask = 2147483647;
			files = (
				65083E8F15D43C3A003108B5 /* main.m in Sources */,
				65083E9315D43C3A003108B5 /* AppDelegate.m in Sources */,
				65083E9A15D43C3B003108B5 /* ViewController.m in Sources */,
				65083EA815D43C6A003108B5 /* Exhibition.m in Sources */,
				65083EAB15D43CFC003108B5 /* FloorPlan.m in Sources */,
				65083EAE15D4FACE003108B5 /* Quads.m in Sources */,
				6573202E15D502C9002562E9 /* Textures.m in Sources */,
				659F9C2E15D6DB8700EF7825 /* Room.m in Sources */,
				654942C715E265380029C1E2 /* Movement.m in Sources */,
				656B8C8A15E565100048FA39 /* Globals.c in Sources */,
				65880BEE15E92BD90055F33D /* PhotoInfo.m in Sources */,
				65ED6BFD15F5D9E2008B71DE /* CubicSpline.m in Sources */,
				6541B5BC15F75BD800A75786 /* RssFeedParser.m in Sources */,
				653444C715FE7C0C001BCB68 /* NSString+HTML.m in Sources */,
				653444CB15FE7F45001BCB68 /* GTMNSString+HTML.m in Sources */,
			);
			runOnlyForDeploymentPostprocessing = 0;
		};
/* End PBXSourcesBuildPhase section */

/* Begin PBXVariantGroup section */
		65083E8B15D43C3A003108B5 /* InfoPlist.strings */ = {
			isa = PBXVariantGroup;
			children = (
				65083E8C15D43C3A003108B5 /* en */,
			);
			name = InfoPlist.strings;
			sourceTree = "<group>";
		};
		65083E9B15D43C3B003108B5 /* ViewController_iPhone.xib */ = {
			isa = PBXVariantGroup;
			children = (
				65083E9C15D43C3B003108B5 /* en */,
			);
			name = ViewController_iPhone.xib;
			sourceTree = "<group>";
		};
		65083E9E15D43C3B003108B5 /* ViewController_iPad.xib */ = {
			isa = PBXVariantGroup;
			children = (
				65083E9F15D43C3B003108B5 /* en */,
			);
			name = ViewController_iPad.xib;
			sourceTree = "<group>";
		};
/* End PBXVariantGroup section */

/* Begin XCBuildConfiguration section */
		65083EA115D43C3B003108B5 /* Debug */ = {
			isa = XCBuildConfiguration;
			buildSettings = {
				ALWAYS_SEARCH_USER_PATHS = NO;
				ARCHS = "$(ARCHS_STANDARD_32_BIT)";
				CLANG_ENABLE_OBJC_ARC = YES;
				"CODE_SIGN_IDENTITY[sdk=iphoneos*]" = "iPhone Developer";
				COPY_PHASE_STRIP = NO;
				GCC_C_LANGUAGE_STANDARD = gnu99;
				GCC_DYNAMIC_NO_PIC = NO;
				GCC_OPTIMIZATION_LEVEL = 0;
				GCC_PREPROCESSOR_DEFINITIONS = (
					"DEBUG=1",
					"$(inherited)",
				);
				GCC_SYMBOLS_PRIVATE_EXTERN = NO;
				GCC_VERSION = com.apple.compilers.llvm.clang.1_0;
				GCC_WARN_ABOUT_RETURN_TYPE = YES;
				GCC_WARN_UNINITIALIZED_AUTOS = YES;
				GCC_WARN_UNUSED_VARIABLE = YES;
				IPHONEOS_DEPLOYMENT_TARGET = 5.0;
				SDKROOT = iphoneos;
				TARGETED_DEVICE_FAMILY = "1,2";
			};
			name = Debug;
		};
		65083EA215D43C3B003108B5 /* Release */ = {
			isa = XCBuildConfiguration;
			buildSettings = {
				ALWAYS_SEARCH_USER_PATHS = NO;
				ARCHS = "$(ARCHS_STANDARD_32_BIT)";
				CLANG_ENABLE_OBJC_ARC = YES;
				"CODE_SIGN_IDENTITY[sdk=iphoneos*]" = "iPhone Developer";
				COPY_PHASE_STRIP = YES;
				GCC_C_LANGUAGE_STANDARD = gnu99;
				GCC_VERSION = com.apple.compilers.llvm.clang.1_0;
				GCC_WARN_ABOUT_RETURN_TYPE = YES;
				GCC_WARN_UNINITIALIZED_AUTOS = YES;
				GCC_WARN_UNUSED_VARIABLE = YES;
				IPHONEOS_DEPLOYMENT_TARGET = 5.0;
				OTHER_CFLAGS = "-DNS_BLOCK_ASSERTIONS=1";
				SDKROOT = iphoneos;
				TARGETED_DEVICE_FAMILY = "1,2";
				VALIDATE_PRODUCT = YES;
			};
			name = Release;
		};
		65083EA415D43C3B003108B5 /* Debug */ = {
			isa = XCBuildConfiguration;
			buildSettings = {
				GCC_PRECOMPILE_PREFIX_HEADER = YES;
				GCC_PREFIX_HEADER = "Demoteket/Demoteket-Prefix.pch";
				"GCC_THUMB_SUPPORT[arch=armv6]" = "";
				INFOPLIST_FILE = "Demoteket/Demoteket-Info.plist";
				IPHONEOS_DEPLOYMENT_TARGET = 5.0;
				PRODUCT_NAME = "$(TARGET_NAME)";
				WRAPPER_EXTENSION = app;
			};
			name = Debug;
		};
		65083EA515D43C3B003108B5 /* Release */ = {
			isa = XCBuildConfiguration;
			buildSettings = {
				GCC_PRECOMPILE_PREFIX_HEADER = YES;
				GCC_PREFIX_HEADER = "Demoteket/Demoteket-Prefix.pch";
				"GCC_THUMB_SUPPORT[arch=armv6]" = "";
				INFOPLIST_FILE = "Demoteket/Demoteket-Info.plist";
				IPHONEOS_DEPLOYMENT_TARGET = 5.0;
				PRODUCT_NAME = "$(TARGET_NAME)";
				WRAPPER_EXTENSION = app;
			};
			name = Release;
		};
/* End XCBuildConfiguration section */

/* Begin XCConfigurationList section */
		65083E7415D43C3A003108B5 /* Build configuration list for PBXProject "Demoteket" */ = {
			isa = XCConfigurationList;
			buildConfigurations = (
				65083EA115D43C3B003108B5 /* Debug */,
				65083EA215D43C3B003108B5 /* Release */,
			);
			defaultConfigurationIsVisible = 0;
			defaultConfigurationName = Release;
		};
		65083EA315D43C3B003108B5 /* Build configuration list for PBXNativeTarget "Demoteket" */ = {
			isa = XCConfigurationList;
			buildConfigurations = (
				65083EA415D43C3B003108B5 /* Debug */,
				65083EA515D43C3B003108B5 /* Release */,
			);
			defaultConfigurationIsVisible = 0;
			defaultConfigurationName = Release;
		};
/* End XCConfigurationList section */
	};
	rootObject = 65083E7115D43C3A003108B5 /* Project object */;
}
